
Microsoft Visual Studio Solution File, Format Version 12.00
# Visual Studio Version 17
VisualStudioVersion = 17.5.33516.290
MinimumVisualStudioVersion = 10.0.40219.1
Project("{FAE04EC0-301F-11D3-BF4B-00C04F79EFBC}") = "School Management", "School Management.csproj", "{6099737F-B968-46D3-8017-696AD093DB4E}"
EndProject
Global
	GlobalSection(SolutionConfigurationPlatforms) = preSolution
		Debug|Any CPU = Debug|Any CPU
		Release|Any CPU = Release|Any CPU
	EndGlobalSection
	GlobalSection(ProjectConfigurationPlatforms) = postSolution
		{6099737F-B968-46D3-8017-696AD093DB4E}.Debug|Any CPU.ActiveCfg = Debug|Any CPU
		{6099737F-B968-46D3-8017-696AD093DB4E}.Debug|Any CPU.Build.0 = Debug|Any CPU
		{6099737F-B968-46D3-8017-696AD093DB4E}.Release|Any CPU.ActiveCfg = Release|Any CPU
		{6099737F-B968-46D3-8017-696AD093DB4E}.Release|Any CPU.Build.0 = Release|Any CPU
	EndGlobalSection
	GlobalSection(SolutionProperties) = preSolution
		HideSolutionNode = FALSE
	EndGlobalSection
	GlobalSection(ExtensibilityGlobals) = postSolution
		SolutionGuid = {C34F1938-0ED0-4F34-B7AB-9B3DE01CDB7C}
	EndGlobalSection
EndGlobal
